
Microsoft Visual Studio Solution File, Format Version 12.00
# Visual Studio Version 17
VisualStudioVersion = 17.9.34728.123
MinimumVisualStudioVersion = 10.0.40219.1
Project("{9A19103F-16F7-4668-BE54-9A1E7A4F7556}") = "Hermes.Library", "Hermes.Library\Hermes.Library.csproj", "{CA6B5770-62CA-4EFD-896F-2CB2C2B878F9}"
EndProject
Project("{9A19103F-16F7-4668-BE54-9A1E7A4F7556}") = "Hermes.WinFormsUI", "Hermes.WinFormsUI\Hermes.WinFormsUI.csproj", "{D7C9EFF2-B788-444C-B00B-5BAA84D37F78}"
EndProject
Project("{2150E333-8FDC-42A3-9474-1A3956D46DE8}") = "Položky řešení", "Položky řešení", "{3BA6BABF-9793-483E-A0C3-D2DEFA75F897}"
	ProjectSection(SolutionItems) = preProject
		.gitignore = .gitignore
		README.md = README.md
	EndProjectSection
EndProject
Global
	GlobalSection(SolutionConfigurationPlatforms) = preSolution
		Debug|Any CPU = Debug|Any CPU
		Release|Any CPU = Release|Any CPU
	EndGlobalSection
	GlobalSection(ProjectConfigurationPlatforms) = postSolution
		{CA6B5770-62CA-4EFD-896F-2CB2C2B878F9}.Debug|Any CPU.ActiveCfg = Debug|Any CPU
		{CA6B5770-62CA-4EFD-896F-2CB2C2B878F9}.Debug|Any CPU.Build.0 = Debug|Any CPU
		{CA6B5770-62CA-4EFD-896F-2CB2C2B878F9}.Release|Any CPU.ActiveCfg = Release|Any CPU
		{CA6B5770-62CA-4EFD-896F-2CB2C2B878F9}.Release|Any CPU.Build.0 = Release|Any CPU
		{D7C9EFF2-B788-444C-B00B-5BAA84D37F78}.Debug|Any CPU.ActiveCfg = Debug|Any CPU
		{D7C9EFF2-B788-444C-B00B-5BAA84D37F78}.Debug|Any CPU.Build.0 = Debug|Any CPU
		{D7C9EFF2-B788-444C-B00B-5BAA84D37F78}.Release|Any CPU.ActiveCfg = Release|Any CPU
		{D7C9EFF2-B788-444C-B00B-5BAA84D37F78}.Release|Any CPU.Build.0 = Release|Any CPU
	EndGlobalSection
	GlobalSection(SolutionProperties) = preSolution
		HideSolutionNode = FALSE
	EndGlobalSection
	GlobalSection(ExtensibilityGlobals) = postSolution
		SolutionGuid = {DAF80BA5-5D9C-4C95-8604-70AD86E8ED0D}
	EndGlobalSection
EndGlobal
